
Microsoft Visual Studio Solution File, Format Version 12.00
# Visual Studio Version 17
VisualStudioVersion = 17.2.32630.192
MinimumVisualStudioVersion = 10.0.40219.1
Project("{FAE04EC0-301F-11D3-BF4B-00C04F79EFBC}") = "TechincalAssessment", "TechincalAssessment\TechincalAssessment.csproj", "{29617F39-9A47-4A62-BB93-7799061A5599}"
EndProject
Global
	GlobalSection(SolutionConfigurationPlatforms) = preSolution
		Debug|Any CPU = Debug|Any CPU
		Release|Any CPU = Release|Any CPU
	EndGlobalSection
	GlobalSection(ProjectConfigurationPlatforms) = postSolution
		{29617F39-9A47-4A62-BB93-7799061A5599}.Debug|Any CPU.ActiveCfg = Debug|Any CPU
		{29617F39-9A47-4A62-BB93-7799061A5599}.Debug|Any CPU.Build.0 = Debug|Any CPU
		{29617F39-9A47-4A62-BB93-7799061A5599}.Release|Any CPU.ActiveCfg = Release|Any CPU
		{29617F39-9A47-4A62-BB93-7799061A5599}.Release|Any CPU.Build.0 = Release|Any CPU
	EndGlobalSection
	GlobalSection(SolutionProperties) = preSolution
		HideSolutionNode = FALSE
	EndGlobalSection
	GlobalSection(ExtensibilityGlobals) = postSolution
		SolutionGuid = {2DF447CE-38DE-4945-80A5-855BBC25713D}
	EndGlobalSection
EndGlobal
